
Microsoft Visual Studio Solution File, Format Version 12.00
# Visual Studio Version 17
VisualStudioVersion = 17.10.35013.160
MinimumVisualStudioVersion = 10.0.40219.1
Project("{9A19103F-16F7-4668-BE54-9A1E7A4F7556}") = "dapr_webapi_template_api1", "dapr_webapi_template_api1\dapr_webapi_template_api1.csproj", "{BF5EC187-965A-4281-8605-9A638AEF916F}"
EndProject
Project("{9A19103F-16F7-4668-BE54-9A1E7A4F7556}") = "dapr_webapi_template_client", "dapr_webapi_template_client\dapr_webapi_template_client\dapr_webapi_template_client.csproj", "{1A153B63-8252-4D3B-B395-0DB7E5A8A993}"
EndProject
Project("{9A19103F-16F7-4668-BE54-9A1E7A4F7556}") = "dapr_webapi_template_client.Client", "dapr_webapi_template_client\dapr_webapi_template_client.Client\dapr_webapi_template_client.Client.csproj", "{F1849004-5D50-45DA-B70F-885BEB60BE64}"
EndProject
Project("{FAE04EC0-301F-11D3-BF4B-00C04F79EFBC}") = "dapr_webapi_template_api2", "dapr_webapi_template_api2\dapr_webapi_template_api2.csproj", "{3D7EC0D1-B5DD-4B09-BAFC-1D934B38457B}"
EndProject
Project("{2150E333-8FDC-42A3-9474-1A3956D46DE8}") = "Solution Items", "Solution Items", "{E5948B02-672C-4B9D-AACB-EA9A594B2969}"
	ProjectSection(SolutionItems) = preProject
		dapr.yaml = dapr.yaml
		ReadMe.md = ReadMe.md
	EndProjectSection
EndProject
Project("{FAE04EC0-301F-11D3-BF4B-00C04F79EFBC}") = "dapr_webapi_template_api_gateway", "dapr_webapi_template_api_gateway\dapr_webapi_template_api_gateway.csproj", "{BC25D83D-8DBF-4126-A755-27360A4C7D15}"
EndProject
Global
	GlobalSection(SolutionConfigurationPlatforms) = preSolution
		Debug|Any CPU = Debug|Any CPU
		Release|Any CPU = Release|Any CPU
	EndGlobalSection
	GlobalSection(ProjectConfigurationPlatforms) = postSolution
		{BF5EC187-965A-4281-8605-9A638AEF916F}.Debug|Any CPU.ActiveCfg = Debug|Any CPU
		{BF5EC187-965A-4281-8605-9A638AEF916F}.Debug|Any CPU.Build.0 = Debug|Any CPU
		{BF5EC187-965A-4281-8605-9A638AEF916F}.Release|Any CPU.ActiveCfg = Release|Any CPU
		{BF5EC187-965A-4281-8605-9A638AEF916F}.Release|Any CPU.Build.0 = Release|Any CPU
		{1A153B63-8252-4D3B-B395-0DB7E5A8A993}.Debug|Any CPU.ActiveCfg = Debug|Any CPU
		{1A153B63-8252-4D3B-B395-0DB7E5A8A993}.Debug|Any CPU.Build.0 = Debug|Any CPU
		{1A153B63-8252-4D3B-B395-0DB7E5A8A993}.Release|Any CPU.ActiveCfg = Release|Any CPU
		{1A153B63-8252-4D3B-B395-0DB7E5A8A993}.Release|Any CPU.Build.0 = Release|Any CPU
		{F1849004-5D50-45DA-B70F-885BEB60BE64}.Debug|Any CPU.ActiveCfg = Debug|Any CPU
		{F1849004-5D50-45DA-B70F-885BEB60BE64}.Debug|Any CPU.Build.0 = Debug|Any CPU
		{F1849004-5D50-45DA-B70F-885BEB60BE64}.Release|Any CPU.ActiveCfg = Release|Any CPU
		{F1849004-5D50-45DA-B70F-885BEB60BE64}.Release|Any CPU.Build.0 = Release|Any CPU
		{3D7EC0D1-B5DD-4B09-BAFC-1D934B38457B}.Debug|Any CPU.ActiveCfg = Debug|Any CPU
		{3D7EC0D1-B5DD-4B09-BAFC-1D934B38457B}.Debug|Any CPU.Build.0 = Debug|Any CPU
		{3D7EC0D1-B5DD-4B09-BAFC-1D934B38457B}.Release|Any CPU.ActiveCfg = Release|Any CPU
		{3D7EC0D1-B5DD-4B09-BAFC-1D934B38457B}.Release|Any CPU.Build.0 = Release|Any CPU
		{BC25D83D-8DBF-4126-A755-27360A4C7D15}.Debug|Any CPU.ActiveCfg = Debug|Any CPU
		{BC25D83D-8DBF-4126-A755-27360A4C7D15}.Debug|Any CPU.Build.0 = Debug|Any CPU
		{BC25D83D-8DBF-4126-A755-27360A4C7D15}.Release|Any CPU.ActiveCfg = Release|Any CPU
		{BC25D83D-8DBF-4126-A755-27360A4C7D15}.Release|Any CPU.Build.0 = Release|Any CPU
	EndGlobalSection
	GlobalSection(SolutionProperties) = preSolution
		HideSolutionNode = FALSE
	EndGlobalSection
	GlobalSection(ExtensibilityGlobals) = postSolution
		SolutionGuid = {221C3F24-1A1A-4238-ADFC-44EF89A9F660}
	EndGlobalSection
EndGlobal
